
Microsoft Visual Studio Solution File, Format Version 12.00
# Visual Studio Version 16
VisualStudioVersion = 16.0.31729.503
MinimumVisualStudioVersion = 10.0.40219.1
Project("{9A19103F-16F7-4668-BE54-9A1E7A4F7556}") = "Trails.Web", "Trails.Web\Trails.Web.csproj", "{5B50C728-36DF-4624-B5D1-255B6DF85FE9}"
EndProject
Project("{9A19103F-16F7-4668-BE54-9A1E7A4F7556}") = "Trails.Models", "Trails.Models\Trails.Models.csproj", "{D78E83AC-C2ED-4914-81FE-1A272A8060DB}"
EndProject
Project("{9A19103F-16F7-4668-BE54-9A1E7A4F7556}") = "Utilities", "Utilities\Utilities.csproj", "{FB79431D-5CFE-4CFD-8CAA-8E7D74A30D74}"
EndProject
Project("{9A19103F-16F7-4668-BE54-9A1E7A4F7556}") = "DeviceSecurity", "DeviceSecurity\DeviceSecurity.csproj", "{373A4D66-0D06-4F97-AA97-4C86F80A2C54}"
EndProject
Project("{2150E333-8FDC-42A3-9474-1A3956D46DE8}") = "Solution Items", "Solution Items", "{509EE9DB-2B8A-4ED3-8FF1-DBF7543D2746}"
	ProjectSection(SolutionItems) = preProject
		.gitignore = .gitignore
	EndProjectSection
EndProject
Global
	GlobalSection(SolutionConfigurationPlatforms) = preSolution
		Debug|Any CPU = Debug|Any CPU
		Release|Any CPU = Release|Any CPU
	EndGlobalSection
	GlobalSection(ProjectConfigurationPlatforms) = postSolution
		{5B50C728-36DF-4624-B5D1-255B6DF85FE9}.Debug|Any CPU.ActiveCfg = Debug|Any CPU
		{5B50C728-36DF-4624-B5D1-255B6DF85FE9}.Debug|Any CPU.Build.0 = Debug|Any CPU
		{5B50C728-36DF-4624-B5D1-255B6DF85FE9}.Release|Any CPU.ActiveCfg = Release|Any CPU
		{5B50C728-36DF-4624-B5D1-255B6DF85FE9}.Release|Any CPU.Build.0 = Release|Any CPU
		{D78E83AC-C2ED-4914-81FE-1A272A8060DB}.Debug|Any CPU.ActiveCfg = Debug|Any CPU
		{D78E83AC-C2ED-4914-81FE-1A272A8060DB}.Debug|Any CPU.Build.0 = Debug|Any CPU
		{D78E83AC-C2ED-4914-81FE-1A272A8060DB}.Release|Any CPU.ActiveCfg = Release|Any CPU
		{D78E83AC-C2ED-4914-81FE-1A272A8060DB}.Release|Any CPU.Build.0 = Release|Any CPU
		{FB79431D-5CFE-4CFD-8CAA-8E7D74A30D74}.Debug|Any CPU.ActiveCfg = Debug|Any CPU
		{FB79431D-5CFE-4CFD-8CAA-8E7D74A30D74}.Debug|Any CPU.Build.0 = Debug|Any CPU
		{FB79431D-5CFE-4CFD-8CAA-8E7D74A30D74}.Release|Any CPU.ActiveCfg = Release|Any CPU
		{FB79431D-5CFE-4CFD-8CAA-8E7D74A30D74}.Release|Any CPU.Build.0 = Release|Any CPU
		{373A4D66-0D06-4F97-AA97-4C86F80A2C54}.Debug|Any CPU.ActiveCfg = Debug|Any CPU
		{373A4D66-0D06-4F97-AA97-4C86F80A2C54}.Debug|Any CPU.Build.0 = Debug|Any CPU
		{373A4D66-0D06-4F97-AA97-4C86F80A2C54}.Release|Any CPU.ActiveCfg = Release|Any CPU
		{373A4D66-0D06-4F97-AA97-4C86F80A2C54}.Release|Any CPU.Build.0 = Release|Any CPU
	EndGlobalSection
	GlobalSection(SolutionProperties) = preSolution
		HideSolutionNode = FALSE
	EndGlobalSection
	GlobalSection(ExtensibilityGlobals) = postSolution
		SolutionGuid = {339BC94C-9E43-4AE0-A25F-302D26823B1F}
	EndGlobalSection
EndGlobal
